# This file is automatically @generated by Cargo.
# It is not intended for manual editing.
version = 4

[[package]]
name = "bitflags"
version = "2.13.0"

[[package]]
name = "qip-wasm-validate-core-2"
version = "0.1.0"
dependencies = [
 "wasmparser",
]

[[package]]
name = "wasmparser"
version = "0.252.0"
dependencies = [
 "bitflags",
]
